{
  "lockfileVersion": 1,
  "workspaces": {
    "": {
      "name": "@alphpaca/herdkit",
      "dependencies": {
        "commander": "^14.0.3",
        "ink": "^6.8.0",
        "ink-text-input": "^6.0.0",
        "react": "^19.2.4",
        "yaml": "^2.8.2",
      },
      "devDependencies": {
        "@types/bun": "^1.3.9",
        "@types/react": "^19.2.14",
        "oxfmt": "^0.35.0",
        "oxlint": "^1.49.0",
        "react-devtools-core": "^7.0.1",
        "typescript": "^5.9.3",
      },
    },
  },
  "packages": {
    "@alcalzone/ansi-tokenize": ["@alcalzone/ansi-tokenize@0.2.5", "", { "dependencies": { "ansi-styles": "^6.2.1", "is-fullwidth-code-point": "^5.0.0" } }, "sha512-3NX/MpTdroi0aKz134A6RC2Gb2iXVECN4QaAXnvCIxxIm3C3AVB1mkUe8NaaiyvOpDfsrqWhYtj+Q6a62RrTsw=="],

    "@oxfmt/binding-android-arm-eabi": ["@oxfmt/binding-android-arm-eabi@0.35.0", "", { "os": "android", "cpu": "arm" }, "sha512-BaRKlM3DyG81y/xWTsE6gZiv89F/3pHe2BqX2H4JbiB8HNVlWWtplzgATAE5IDSdwChdeuWLDTQzJ92Lglw3ZA=="],

    "@oxfmt/binding-android-arm64": ["@oxfmt/binding-android-arm64@0.35.0", "", { "os": "android", "cpu": "arm64" }, "sha512-/O+EbuAJYs6nde/anv+aID6uHsGQApyE9JtYBo/79KyU8e6RBN3DMbT0ix97y1SOnCglurmL2iZ+hlohjP2PnQ=="],

    "@oxfmt/binding-darwin-arm64": ["@oxfmt/binding-darwin-arm64@0.35.0", "", { "os": "darwin", "cpu": "arm64" }, "sha512-pGqRtqlNdn9d4VrmGUWVyQjkw79ryhI6je9y2jfqNUIZCfqceob+R97YYAoG7C5TFyt8ILdLVoN+L2vw/hSFyA=="],

    "@oxfmt/binding-darwin-x64": ["@oxfmt/binding-darwin-x64@0.35.0", "", { "os": "darwin", "cpu": "x64" }, "sha512-8GmsDcSozTPjrCJeGpp+sCmS9+9V5yRrdEZ1p/sTWxPG5nYeAfSLuS0nuEYjXSO+CtdSbStIW6dxa+4NM58yRw=="],

    "@oxfmt/binding-freebsd-x64": ["@oxfmt/binding-freebsd-x64@0.35.0", "", { "os": "freebsd", "cpu": "x64" }, "sha512-QyfKfTe0ytHpFKHAcHCGQEzN45QSqq1AHJOYYxQMgLM3KY4xu8OsXHpCnINjDsV4XGnQzczJDU9e04Zmd8XqIQ=="],

    "@oxfmt/binding-linux-arm-gnueabihf": ["@oxfmt/binding-linux-arm-gnueabihf@0.35.0", "", { "os": "linux", "cpu": "arm" }, "sha512-u+kv3JD6P3J38oOyUaiCqgY5TNESzBRZJ5lyZQ6c2czUW2v5SIN9E/KWWa9vxoc+P8AFXQFUVrdzGy1tK+nbPQ=="],

    "@oxfmt/binding-linux-arm-musleabihf": ["@oxfmt/binding-linux-arm-musleabihf@0.35.0", "", { "os": "linux", "cpu": "arm" }, "sha512-1NiZroCiV57I7Pf8kOH4XGR366kW5zir3VfSMBU2D0V14GpYjiYmPYFAoJboZvp8ACnZKUReWyMkNKSa5ad58A=="],

    "@oxfmt/binding-linux-arm64-gnu": ["@oxfmt/binding-linux-arm64-gnu@0.35.0", "", { "os": "linux", "cpu": "arm64" }, "sha512-7Q0Xeg7ZnW2nxnZ4R7aF6DEbCFls4skgHZg+I63XitpNvJCbVIU8MFOTZlvZGRsY9+rPgWPQGeUpLHlyx0wvMA=="],

    "@oxfmt/binding-linux-arm64-musl": ["@oxfmt/binding-linux-arm64-musl@0.35.0", "", { "os": "linux", "cpu": "arm64" }, "sha512-5Okqi+uhYFxwKz8hcnUftNNwdm8BCkf6GSCbcz9xJxYMm87k1E4p7PEmAAbhLTk7cjSdDre6TDL0pDzNX+Y22Q=="],

    "@oxfmt/binding-linux-ppc64-gnu": ["@oxfmt/binding-linux-ppc64-gnu@0.35.0", "", { "os": "linux", "cpu": "ppc64" }, "sha512-9k66pbZQXM/lBJWys3Xbc5yhl4JexyfqkEf/tvtq8976VIJnLAAL3M127xHA3ifYSqxdVHfVGTg84eiBHCGcNw=="],

    "@oxfmt/binding-linux-riscv64-gnu": ["@oxfmt/binding-linux-riscv64-gnu@0.35.0", "", { "os": "linux", "cpu": "none" }, "sha512-aUcY9ofKPtjO52idT6t0SAQvEF6ctjzUQa1lLp7GDsRpSBvuTrBQGeq0rYKz3gN8dMIQ7mtMdGD9tT4LhR8jAQ=="],

    "@oxfmt/binding-linux-riscv64-musl": ["@oxfmt/binding-linux-riscv64-musl@0.35.0", "", { "os": "linux", "cpu": "none" }, "sha512-C6yhY5Hvc2sGM+mCPek9ZLe5xRUOC/BvhAt2qIWFAeXMn4il04EYIjl3DsWiJr0xDMTJhvMOmD55xTRPlNp39w=="],

    "@oxfmt/binding-linux-s390x-gnu": ["@oxfmt/binding-linux-s390x-gnu@0.35.0", "", { "os": "linux", "cpu": "s390x" }, "sha512-RG2hlvOMK4OMZpO3mt8MpxLQ0AAezlFqhn5mI/g5YrVbPFyoCv9a34AAvbSJS501ocOxlFIRcKEuw5hFvddf9g=="],

    "@oxfmt/binding-linux-x64-gnu": ["@oxfmt/binding-linux-x64-gnu@0.35.0", "", { "os": "linux", "cpu": "x64" }, "sha512-wzmh90Pwvqj9xOKHJjkQYBpydRkaXG77ZvDz+iFDRRQpnqIEqGm5gmim2s6vnZIkDGsvKCuTdtxm0GFmBjM1+w=="],

    "@oxfmt/binding-linux-x64-musl": ["@oxfmt/binding-linux-x64-musl@0.35.0", "", { "os": "linux", "cpu": "x64" }, "sha512-+HCqYCJPCUy5I+b2cf+gUVaApfgtoQT3HdnSg/l7NIcLHOhKstlYaGyrFZLmUpQt4WkFbpGKZZayG6zjRU0KFA=="],

    "@oxfmt/binding-openharmony-arm64": ["@oxfmt/binding-openharmony-arm64@0.35.0", "", { "os": "none", "cpu": "arm64" }, "sha512-kFYmWfR9YL78XyO5ws+1dsxNvZoD973qfVMNFOS4e9bcHXGF7DvGC2tY5UDFwyMCeB33t3sDIuGONKggnVNSJA=="],

    "@oxfmt/binding-win32-arm64-msvc": ["@oxfmt/binding-win32-arm64-msvc@0.35.0", "", { "os": "win32", "cpu": "arm64" }, "sha512-uD/NGdM65eKNCDGyTGdO8e9n3IHX+wwuorBvEYrPJXhDXL9qz6gzddmXH8EN04ejUXUujlq4FsoSeCfbg0Y+Jg=="],

    "@oxfmt/binding-win32-ia32-msvc": ["@oxfmt/binding-win32-ia32-msvc@0.35.0", "", { "os": "win32", "cpu": "ia32" }, "sha512-oSRD2k8J2uxYDEKR2nAE/YTY9PobOEnhZgCmspHu0+yBQ665yH8lFErQVSTE7fcGJmJp/cC6322/gc8VFuQf7g=="],

    "@oxfmt/binding-win32-x64-msvc": ["@oxfmt/binding-win32-x64-msvc@0.35.0", "", { "os": "win32", "cpu": "x64" }, "sha512-WCDJjlS95NboR0ugI2BEwzt1tYvRDorDRM9Lvctls1SLyKYuNRCyrPwp1urUPFBnwgBNn9p2/gnmo7gFMySRoQ=="],

    "@oxlint/binding-android-arm-eabi": ["@oxlint/binding-android-arm-eabi@1.49.0", "", { "os": "android", "cpu": "arm" }, "sha512-2WPoh/2oK9r/i2R4o4J18AOrm3HVlWiHZ8TnuCaS4dX8m5ZzRmHW0I3eLxEurQLHWVruhQN7fHgZnah+ag5iQg=="],

    "@oxlint/binding-android-arm64": ["@oxlint/binding-android-arm64@1.49.0", "", { "os": "android", "cpu": "arm64" }, "sha512-YqJAGvNB11EzoKm1euVhZntb79alhMvWW/j12bYqdvVxn6xzEQWrEDCJg9BPo3A3tBCSUBKH7bVkAiCBqK/L1w=="],

    "@oxlint/binding-darwin-arm64": ["@oxlint/binding-darwin-arm64@1.49.0", "", { "os": "darwin", "cpu": "arm64" }, "sha512-WFocCRlvVkMhChCJ2qpJfp1Gj/IjvyjuifH9Pex8m8yHonxxQa3d8DZYreuDQU3T4jvSY8rqhoRqnpc61Nlbxw=="],

    "@oxlint/binding-darwin-x64": ["@oxlint/binding-darwin-x64@1.49.0", "", { "os": "darwin", "cpu": "x64" }, "sha512-BN0KniwvehbUfYztOMwEDkYoojGm/narf5oJf+/ap+6PnzMeWLezMaVARNIS0j3OdMkjHTEP8s3+GdPJ7WDywQ=="],

    "@oxlint/binding-freebsd-x64": ["@oxlint/binding-freebsd-x64@1.49.0", "", { "os": "freebsd", "cpu": "x64" }, "sha512-SnkAc/DPIY6joMCiP/+53Q+N2UOGMU6ULvbztpmvPJNF/jYPGhNbKtN982uj2Gs6fpbxYkmyj08QnpkD4fbHJA=="],

    "@oxlint/binding-linux-arm-gnueabihf": ["@oxlint/binding-linux-arm-gnueabihf@1.49.0", "", { "os": "linux", "cpu": "arm" }, "sha512-6Z3EzRvpQVIpO7uFhdiGhdE8Mh3S2VWKLL9xuxVqD6fzPhyI3ugthpYXlCChXzO8FzcYIZ3t1+Kau+h2NY1hqA=="],

    "@oxlint/binding-linux-arm-musleabihf": ["@oxlint/binding-linux-arm-musleabihf@1.49.0", "", { "os": "linux", "cpu": "arm" }, "sha512-wdjXaQYAL/L25732mLlngfst4Jdmi/HLPVHb3yfCoP5mE3lO/pFFrmOJpqWodgv29suWY74Ij+RmJ/YIG5VuzQ=="],

    "@oxlint/binding-linux-arm64-gnu": ["@oxlint/binding-linux-arm64-gnu@1.49.0", "", { "os": "linux", "cpu": "arm64" }, "sha512-oSHpm8zmSvAG1BWUumbDRSg7moJbnwoEXKAkwDf/xTQJOzvbUknq95NVQdw/AduZr5dePftalB8rzJNGBogUMg=="],

    "@oxlint/binding-linux-arm64-musl": ["@oxlint/binding-linux-arm64-musl@1.49.0", "", { "os": "linux", "cpu": "arm64" }, "sha512-xeqkMOARgGBlEg9BQuPDf6ZW711X6BT5qjDyeM5XNowCJeTSdmMhpePJjTEiVbbr3t21sIlK8RE6X5bc04nWyQ=="],

    "@oxlint/binding-linux-ppc64-gnu": ["@oxlint/binding-linux-ppc64-gnu@1.49.0", "", { "os": "linux", "cpu": "ppc64" }, "sha512-uvcqRO6PnlJGbL7TeePhTK5+7/JXbxGbN+C6FVmfICDeeRomgQqrfVjf0lUrVpUU8ii8TSkIbNdft3M+oNlOsQ=="],

    "@oxlint/binding-linux-riscv64-gnu": ["@oxlint/binding-linux-riscv64-gnu@1.49.0", "", { "os": "linux", "cpu": "none" }, "sha512-Dw1HkdXAwHNH+ZDserHP2RzXQmhHtpsYYI0hf8fuGAVCIVwvS6w1+InLxpPMY25P8ASRNiFN3hADtoh6lI+4lg=="],

    "@oxlint/binding-linux-riscv64-musl": ["@oxlint/binding-linux-riscv64-musl@1.49.0", "", { "os": "linux", "cpu": "none" }, "sha512-EPlMYaA05tJ9km/0dI9K57iuMq3Tw+nHst7TNIegAJZrBPtsOtYaMFZEaWj02HA8FI5QvSnRHMt+CI+RIhXJBQ=="],

    "@oxlint/binding-linux-s390x-gnu": ["@oxlint/binding-linux-s390x-gnu@1.49.0", "", { "os": "linux", "cpu": "s390x" }, "sha512-yZiQL9qEwse34aMbnMb5VqiAWfDY+fLFuoJbHOuzB1OaJZbN1MRF9Nk+W89PIpGr5DNPDipwjZb8+Q7wOywoUQ=="],

    "@oxlint/binding-linux-x64-gnu": ["@oxlint/binding-linux-x64-gnu@1.49.0", "", { "os": "linux", "cpu": "x64" }, "sha512-CcCDwMMXSchNkhdgvhVn3DLZ4EnBXAD8o8+gRzahg+IdSt/72y19xBgShJgadIRF0TsRcV/MhDUMwL5N/W54aQ=="],

    "@oxlint/binding-linux-x64-musl": ["@oxlint/binding-linux-x64-musl@1.49.0", "", { "os": "linux", "cpu": "x64" }, "sha512-u3HfKV8BV6t6UCCbN0RRiyqcymhrnpunVmLFI8sEa5S/EBu+p/0bJ3D7LZ2KT6PsBbrB71SWq4DeFrskOVgIZg=="],

    "@oxlint/binding-openharmony-arm64": ["@oxlint/binding-openharmony-arm64@1.49.0", "", { "os": "none", "cpu": "arm64" }, "sha512-dRDpH9fw+oeUMpM4br0taYCFpW6jQtOuEIec89rOgDA1YhqwmeRcx0XYeCv7U48p57qJ1XZHeMGM9LdItIjfzA=="],

    "@oxlint/binding-win32-arm64-msvc": ["@oxlint/binding-win32-arm64-msvc@1.49.0", "", { "os": "win32", "cpu": "arm64" }, "sha512-6rrKe/wL9tn0qnOy76i1/0f4Dc3dtQnibGlU4HqR/brVHlVjzLSoaH0gAFnLnznh9yQ6gcFTBFOPrcN/eKPDGA=="],

    "@oxlint/binding-win32-ia32-msvc": ["@oxlint/binding-win32-ia32-msvc@1.49.0", "", { "os": "win32", "cpu": "ia32" }, "sha512-CXHLWAtLs2xG/aVy1OZiYJzrULlq0QkYpI6cd7VKMrab+qur4fXVE/B1Bp1m0h1qKTj5/FTGg6oU4qaXMjS/ug=="],

    "@oxlint/binding-win32-x64-msvc": ["@oxlint/binding-win32-x64-msvc@1.49.0", "", { "os": "win32", "cpu": "x64" }, "sha512-VteIelt78kwzSglOozaQcs6BCS4Lk0j+QA+hGV0W8UeyaqQ3XpbZRhDU55NW1PPvCy1tg4VXsTlEaPovqto7nQ=="],

    "@types/bun": ["@types/bun@1.3.9", "", { "dependencies": { "bun-types": "1.3.9" } }, "sha512-KQ571yULOdWJiMH+RIWIOZ7B2RXQGpL1YQrBtLIV3FqDcCu6FsbFUBwhdKUlCKUpS3PJDsHlJ1QKlpxoVR+xtw=="],

    "@types/node": ["@types/node@25.3.0", "", { "dependencies": { "undici-types": "~7.18.0" } }, "sha512-4K3bqJpXpqfg2XKGK9bpDTc6xO/xoUP/RBWS7AtRMug6zZFaRekiLzjVtAoZMquxoAbzBvy5nxQ7veS5eYzf8A=="],

    "@types/react": ["@types/react@19.2.14", "", { "dependencies": { "csstype": "^3.2.2" } }, "sha512-ilcTH/UniCkMdtexkoCN0bI7pMcJDvmQFPvuPvmEaYA/NSfFTAgdUSLAoVjaRJm7+6PvcM+q1zYOwS4wTYMF9w=="],

    "ansi-escapes": ["ansi-escapes@7.3.0", "", { "dependencies": { "environment": "^1.0.0" } }, "sha512-BvU8nYgGQBxcmMuEeUEmNTvrMVjJNSH7RgW24vXexN4Ven6qCvy4TntnvlnwnMLTVlcRQQdbRY8NKnaIoeWDNg=="],

    "ansi-regex": ["ansi-regex@6.2.2", "", {}, "sha512-Bq3SmSpyFHaWjPk8If9yc6svM8c56dB5BAtW4Qbw5jHTwwXXcTLoRMkpDJp6VL0XzlWaCHTXrkFURMYmD0sLqg=="],

    "ansi-styles": ["ansi-styles@6.2.3", "", {}, "sha512-4Dj6M28JB+oAH8kFkTLUo+a2jwOFkuqb3yucU0CANcRRUbxS0cP0nZYCGjcc3BNXwRIsUVmDGgzawme7zvJHvg=="],

    "auto-bind": ["auto-bind@5.0.1", "", {}, "sha512-ooviqdwwgfIfNmDwo94wlshcdzfO64XV0Cg6oDsDYBJfITDz1EngD2z7DkbvCWn+XIMsIqW27sEVF6qcpJrRcg=="],

    "bun-types": ["bun-types@1.3.9", "", { "dependencies": { "@types/node": "*" } }, "sha512-+UBWWOakIP4Tswh0Bt0QD0alpTY8cb5hvgiYeWCMet9YukHbzuruIEeXC2D7nMJPB12kbh8C7XJykSexEqGKJg=="],

    "chalk": ["chalk@5.6.2", "", {}, "sha512-7NzBL0rN6fMUW+f7A6Io4h40qQlG+xGmtMxfbnH/K7TAtt8JQWVQK+6g0UXKMeVJoyV5EkkNsErQ8pVD3bLHbA=="],

    "cli-boxes": ["cli-boxes@3.0.0", "", {}, "sha512-/lzGpEWL/8PfI0BmBOPRwp0c/wFNX1RdUML3jK/RcSBA9T8mZDdQpqYBKtCFTOfQbwPqWEOpjqW+Fnayc0969g=="],

    "cli-cursor": ["cli-cursor@4.0.0", "", { "dependencies": { "restore-cursor": "^4.0.0" } }, "sha512-VGtlMu3x/4DOtIUwEkRezxUZ2lBacNJCHash0N0WeZDBS+7Ux1dm3XWAgWYxLJFMMdOeXMHXorshEFhbMSGelg=="],

    "cli-truncate": ["cli-truncate@5.1.1", "", { "dependencies": { "slice-ansi": "^7.1.0", "string-width": "^8.0.0" } }, "sha512-SroPvNHxUnk+vIW/dOSfNqdy1sPEFkrTk6TUtqLCnBlo3N7TNYYkzzN7uSD6+jVjrdO4+p8nH7JzH6cIvUem6A=="],

    "code-excerpt": ["code-excerpt@4.0.0", "", { "dependencies": { "convert-to-spaces": "^2.0.1" } }, "sha512-xxodCmBen3iy2i0WtAK8FlFNrRzjUqjRsMfho58xT/wvZU1YTM3fCnRjcy1gJPMepaRlgm/0e6w8SpWHpn3/cA=="],

    "commander": ["commander@14.0.3", "", {}, "sha512-H+y0Jo/T1RZ9qPP4Eh1pkcQcLRglraJaSLoyOtHxu6AapkjWVCy2Sit1QQ4x3Dng8qDlSsZEet7g5Pq06MvTgw=="],

    "convert-to-spaces": ["convert-to-spaces@2.0.1", "", {}, "sha512-rcQ1bsQO9799wq24uE5AM2tAILy4gXGIK/njFWcVQkGNZ96edlpY+A7bjwvzjYvLDyzmG1MmMLZhpcsb+klNMQ=="],

    "csstype": ["csstype@3.2.3", "", {}, "sha512-z1HGKcYy2xA8AGQfwrn0PAy+PB7X/GSj3UVJW9qKyn43xWa+gl5nXmU4qqLMRzWVLFC8KusUX8T/0kCiOYpAIQ=="],

    "emoji-regex": ["emoji-regex@10.6.0", "", {}, "sha512-toUI84YS5YmxW219erniWD0CIVOo46xGKColeNQRgOzDorgBi1v4D71/OFzgD9GO2UGKIv1C3Sp8DAn0+j5w7A=="],

    "environment": ["environment@1.1.0", "", {}, "sha512-xUtoPkMggbz0MPyPiIWr1Kp4aeWJjDZ6SMvURhimjdZgsRuDplF5/s9hcgGhyXMhs+6vpnuoiZ2kFiu3FMnS8Q=="],

    "es-toolkit": ["es-toolkit@1.44.0", "", {}, "sha512-6penXeZalaV88MM3cGkFZZfOoLGWshWWfdy0tWw/RlVVyhvMaWSBTOvXNeiW3e5FwdS5ePW0LGEu17zT139ktg=="],

    "escape-string-regexp": ["escape-string-regexp@2.0.0", "", {}, "sha512-UpzcLCXolUWcNu5HtVMHYdXJjArjsF9C0aNnquZYY4uW/Vu0miy5YoWvbV345HauVvcAUnpRuhMMcqTcGOY2+w=="],

    "get-east-asian-width": ["get-east-asian-width@1.5.0", "", {}, "sha512-CQ+bEO+Tva/qlmw24dCejulK5pMzVnUOFOijVogd3KQs07HnRIgp8TGipvCCRT06xeYEbpbgwaCxglFyiuIcmA=="],

    "indent-string": ["indent-string@5.0.0", "", {}, "sha512-m6FAo/spmsW2Ab2fU35JTYwtOKa2yAwXSwgjSv1TJzh4Mh7mC3lzAOVLBprb72XsTrgkEIsl7YrFNAiDiRhIGg=="],

    "ink": ["ink@6.8.0", "", { "dependencies": { "@alcalzone/ansi-tokenize": "^0.2.4", "ansi-escapes": "^7.3.0", "ansi-styles": "^6.2.1", "auto-bind": "^5.0.1", "chalk": "^5.6.0", "cli-boxes": "^3.0.0", "cli-cursor": "^4.0.0", "cli-truncate": "^5.1.1", "code-excerpt": "^4.0.0", "es-toolkit": "^1.39.10", "indent-string": "^5.0.0", "is-in-ci": "^2.0.0", "patch-console": "^2.0.0", "react-reconciler": "^0.33.0", "scheduler": "^0.27.0", "signal-exit": "^3.0.7", "slice-ansi": "^8.0.0", "stack-utils": "^2.0.6", "string-width": "^8.1.1", "terminal-size": "^4.0.1", "type-fest": "^5.4.1", "widest-line": "^6.0.0", "wrap-ansi": "^9.0.0", "ws": "^8.18.0", "yoga-layout": "~3.2.1" }, "peerDependencies": { "@types/react": ">=19.0.0", "react": ">=19.0.0", "react-devtools-core": ">=6.1.2" }, "optionalPeers": ["@types/react", "react-devtools-core"] }, "sha512-sbl1RdLOgkO9isK42WCZlJCFN9hb++sX9dsklOvfd1YQ3bQ2AiFu12Q6tFlr0HvEUvzraJntQCCpfEoUe9DSzA=="],

    "ink-text-input": ["ink-text-input@6.0.0", "", { "dependencies": { "chalk": "^5.3.0", "type-fest": "^4.18.2" }, "peerDependencies": { "ink": ">=5", "react": ">=18" } }, "sha512-Fw64n7Yha5deb1rHY137zHTAbSTNelUKuB5Kkk2HACXEtwIHBCf9OH2tP/LQ9fRYTl1F0dZgbW0zPnZk6FA9Lw=="],

    "is-fullwidth-code-point": ["is-fullwidth-code-point@5.1.0", "", { "dependencies": { "get-east-asian-width": "^1.3.1" } }, "sha512-5XHYaSyiqADb4RnZ1Bdad6cPp8Toise4TzEjcOYDHZkTCbKgiUl7WTUCpNWHuxmDt91wnsZBc9xinNzopv3JMQ=="],

    "is-in-ci": ["is-in-ci@2.0.0", "", { "bin": { "is-in-ci": "cli.js" } }, "sha512-cFeerHriAnhrQSbpAxL37W1wcJKUUX07HyLWZCW1URJT/ra3GyUTzBgUnh24TMVfNTV2Hij2HLxkPHFZfOZy5w=="],

    "mimic-fn": ["mimic-fn@2.1.0", "", {}, "sha512-OqbOk5oEQeAZ8WXWydlu9HJjz9WVdEIvamMCcXmuqUYjTknH/sqsWvhQ3vgwKFRR1HpjvNBKQ37nbJgYzGqGcg=="],

    "onetime": ["onetime@5.1.2", "", { "dependencies": { "mimic-fn": "^2.1.0" } }, "sha512-kbpaSSGJTWdAY5KPVeMOKXSrPtr8C8C7wodJbcsd51jRnmD+GZu8Y0VoU6Dm5Z4vWr0Ig/1NKuWRKf7j5aaYSg=="],

    "oxfmt": ["oxfmt@0.35.0", "", { "dependencies": { "tinypool": "2.1.0" }, "optionalDependencies": { "@oxfmt/binding-android-arm-eabi": "0.35.0", "@oxfmt/binding-android-arm64": "0.35.0", "@oxfmt/binding-darwin-arm64": "0.35.0", "@oxfmt/binding-darwin-x64": "0.35.0", "@oxfmt/binding-freebsd-x64": "0.35.0", "@oxfmt/binding-linux-arm-gnueabihf": "0.35.0", "@oxfmt/binding-linux-arm-musleabihf": "0.35.0", "@oxfmt/binding-linux-arm64-gnu": "0.35.0", "@oxfmt/binding-linux-arm64-musl": "0.35.0", "@oxfmt/binding-linux-ppc64-gnu": "0.35.0", "@oxfmt/binding-linux-riscv64-gnu": "0.35.0", "@oxfmt/binding-linux-riscv64-musl": "0.35.0", "@oxfmt/binding-linux-s390x-gnu": "0.35.0", "@oxfmt/binding-linux-x64-gnu": "0.35.0", "@oxfmt/binding-linux-x64-musl": "0.35.0", "@oxfmt/binding-openharmony-arm64": "0.35.0", "@oxfmt/binding-win32-arm64-msvc": "0.35.0", "@oxfmt/binding-win32-ia32-msvc": "0.35.0", "@oxfmt/binding-win32-x64-msvc": "0.35.0" }, "bin": { "oxfmt": "bin/oxfmt" } }, "sha512-QYeXWkP+aLt7utt5SLivNIk09glWx9QE235ODjgcEZ3sd1VMaUBSpLymh6ZRCA76gD2rMP4bXanUz/fx+nLM9Q=="],

    "oxlint": ["oxlint@1.49.0", "", { "optionalDependencies": { "@oxlint/binding-android-arm-eabi": "1.49.0", "@oxlint/binding-android-arm64": "1.49.0", "@oxlint/binding-darwin-arm64": "1.49.0", "@oxlint/binding-darwin-x64": "1.49.0", "@oxlint/binding-freebsd-x64": "1.49.0", "@oxlint/binding-linux-arm-gnueabihf": "1.49.0", "@oxlint/binding-linux-arm-musleabihf": "1.49.0", "@oxlint/binding-linux-arm64-gnu": "1.49.0", "@oxlint/binding-linux-arm64-musl": "1.49.0", "@oxlint/binding-linux-ppc64-gnu": "1.49.0", "@oxlint/binding-linux-riscv64-gnu": "1.49.0", "@oxlint/binding-linux-riscv64-musl": "1.49.0", "@oxlint/binding-linux-s390x-gnu": "1.49.0", "@oxlint/binding-linux-x64-gnu": "1.49.0", "@oxlint/binding-linux-x64-musl": "1.49.0", "@oxlint/binding-openharmony-arm64": "1.49.0", "@oxlint/binding-win32-arm64-msvc": "1.49.0", "@oxlint/binding-win32-ia32-msvc": "1.49.0", "@oxlint/binding-win32-x64-msvc": "1.49.0" }, "peerDependencies": { "oxlint-tsgolint": ">=0.14.1" }, "optionalPeers": ["oxlint-tsgolint"], "bin": { "oxlint": "bin/oxlint" } }, "sha512-YZffp0gM+63CJoRhHjtjRnwKtAgUnXM6j63YQ++aigji2NVvLGsUlrXo9gJUXZOdcbfShLYtA6RuTu8GZ4lzOQ=="],

    "patch-console": ["patch-console@2.0.0", "", {}, "sha512-0YNdUceMdaQwoKce1gatDScmMo5pu/tfABfnzEqeG0gtTmd7mh/WcwgUjtAeOU7N8nFFlbQBnFK2gXW5fGvmMA=="],

    "react": ["react@19.2.4", "", {}, "sha512-9nfp2hYpCwOjAN+8TZFGhtWEwgvWHXqESH8qT89AT/lWklpLON22Lc8pEtnpsZz7VmawabSU0gCjnj8aC0euHQ=="],

    "react-devtools-core": ["react-devtools-core@7.0.1", "", { "dependencies": { "shell-quote": "^1.6.1", "ws": "^7" } }, "sha512-C3yNvRHaizlpiASzy7b9vbnBGLrhvdhl1CbdU6EnZgxPNbai60szdLtl+VL76UNOt5bOoVTOz5rNWZxgGt+Gsw=="],

    "react-reconciler": ["react-reconciler@0.33.0", "", { "dependencies": { "scheduler": "^0.27.0" }, "peerDependencies": { "react": "^19.2.0" } }, "sha512-KetWRytFv1epdpJc3J4G75I4WrplZE5jOL7Yq0p34+OVOKF4Se7WrdIdVC45XsSSmUTlht2FM/fM1FZb1mfQeA=="],

    "restore-cursor": ["restore-cursor@4.0.0", "", { "dependencies": { "onetime": "^5.1.0", "signal-exit": "^3.0.2" } }, "sha512-I9fPXU9geO9bHOt9pHHOhOkYerIMsmVaWB0rA2AI9ERh/+x/i7MV5HKBNrg+ljO5eoPVgCcnFuRjJ9uH6I/3eg=="],

    "scheduler": ["scheduler@0.27.0", "", {}, "sha512-eNv+WrVbKu1f3vbYJT/xtiF5syA5HPIMtf9IgY/nKg0sWqzAUEvqY/xm7OcZc/qafLx/iO9FgOmeSAp4v5ti/Q=="],

    "shell-quote": ["shell-quote@1.8.3", "", {}, "sha512-ObmnIF4hXNg1BqhnHmgbDETF8dLPCggZWBjkQfhZpbszZnYur5DUljTcCHii5LC3J5E0yeO/1LIMyH+UvHQgyw=="],

    "signal-exit": ["signal-exit@3.0.7", "", {}, "sha512-wnD2ZE+l+SPC/uoS0vXeE9L1+0wuaMqKlfz9AMUo38JsyLSBWSFcHR1Rri62LZc12vLr1gb3jl7iwQhgwpAbGQ=="],

    "slice-ansi": ["slice-ansi@8.0.0", "", { "dependencies": { "ansi-styles": "^6.2.3", "is-fullwidth-code-point": "^5.1.0" } }, "sha512-stxByr12oeeOyY2BlviTNQlYV5xOj47GirPr4yA1hE9JCtxfQN0+tVbkxwCtYDQWhEKWFHsEK48ORg5jrouCAg=="],

    "stack-utils": ["stack-utils@2.0.6", "", { "dependencies": { "escape-string-regexp": "^2.0.0" } }, "sha512-XlkWvfIm6RmsWtNJx+uqtKLS8eqFbxUg0ZzLXqY0caEy9l7hruX8IpiDnjsLavoBgqCCR71TqWO8MaXYheJ3RQ=="],

    "string-width": ["string-width@8.2.0", "", { "dependencies": { "get-east-asian-width": "^1.5.0", "strip-ansi": "^7.1.2" } }, "sha512-6hJPQ8N0V0P3SNmP6h2J99RLuzrWz2gvT7VnK5tKvrNqJoyS9W4/Fb8mo31UiPvy00z7DQXkP2hnKBVav76thw=="],

    "strip-ansi": ["strip-ansi@7.1.2", "", { "dependencies": { "ansi-regex": "^6.0.1" } }, "sha512-gmBGslpoQJtgnMAvOVqGZpEz9dyoKTCzy2nfz/n8aIFhN/jCE/rCmcxabB6jOOHV+0WNnylOxaxBQPSvcWklhA=="],

    "tagged-tag": ["tagged-tag@1.0.0", "", {}, "sha512-yEFYrVhod+hdNyx7g5Bnkkb0G6si8HJurOoOEgC8B/O0uXLHlaey/65KRv6cuWBNhBgHKAROVpc7QyYqE5gFng=="],

    "terminal-size": ["terminal-size@4.0.1", "", {}, "sha512-avMLDQpUI9I5XFrklECw1ZEUPJhqzcwSWsyyI8blhRLT+8N1jLJWLWWYQpB2q2xthq8xDvjZPISVh53T/+CLYQ=="],

    "tinypool": ["tinypool@2.1.0", "", {}, "sha512-Pugqs6M0m7Lv1I7FtxN4aoyToKg1C4tu+/381vH35y8oENM/Ai7f7C4StcoK4/+BSw9ebcS8jRiVrORFKCALLw=="],

    "type-fest": ["type-fest@5.4.4", "", { "dependencies": { "tagged-tag": "^1.0.0" } }, "sha512-JnTrzGu+zPV3aXIUhnyWJj4z/wigMsdYajGLIYakqyOW1nPllzXEJee0QQbHj+CTIQtXGlAjuK0UY+2xTyjVAw=="],

    "typescript": ["typescript@5.9.3", "", { "bin": { "tsc": "bin/tsc", "tsserver": "bin/tsserver" } }, "sha512-jl1vZzPDinLr9eUt3J/t7V6FgNEw9QjvBPdysz9KfQDD41fQrC2Y4vKQdiaUpFT4bXlb1RHhLpp8wtm6M5TgSw=="],

    "undici-types": ["undici-types@7.18.2", "", {}, "sha512-AsuCzffGHJybSaRrmr5eHr81mwJU3kjw6M+uprWvCXiNeN9SOGwQ3Jn8jb8m3Z6izVgknn1R0FTCEAP2QrLY/w=="],

    "widest-line": ["widest-line@6.0.0", "", { "dependencies": { "string-width": "^8.1.0" } }, "sha512-U89AsyEeAsyoF0zVJBkG9zBgekjgjK7yk9sje3F4IQpXBJ10TF6ByLlIfjMhcmHMJgHZI4KHt4rdNfktzxIAMA=="],

    "wrap-ansi": ["wrap-ansi@9.0.2", "", { "dependencies": { "ansi-styles": "^6.2.1", "string-width": "^7.0.0", "strip-ansi": "^7.1.0" } }, "sha512-42AtmgqjV+X1VpdOfyTGOYRi0/zsoLqtXQckTmqTeybT+BDIbM/Guxo7x3pE2vtpr1ok6xRqM9OpBe+Jyoqyww=="],

    "ws": ["ws@7.5.10", "", { "peerDependencies": { "bufferutil": "^4.0.1", "utf-8-validate": "^5.0.2" }, "optionalPeers": ["bufferutil", "utf-8-validate"] }, "sha512-+dbF1tHwZpXcbOJdVOkzLDxZP1ailvSxM6ZweXTegylPny803bFhA+vqBYw4s31NSAk4S2Qz+AKXK9a4wkdjcQ=="],

    "yaml": ["yaml@2.8.2", "", { "bin": { "yaml": "bin.mjs" } }, "sha512-mplynKqc1C2hTVYxd0PU2xQAc22TI1vShAYGksCCfxbn/dFwnHTNi1bvYsBTkhdUNtGIf5xNOg938rrSSYvS9A=="],

    "yoga-layout": ["yoga-layout@3.2.1", "", {}, "sha512-0LPOt3AxKqMdFBZA3HBAt/t/8vIKq7VaQYbuA8WxCgung+p9TVyKRYdpvCb80HcdTN2NkbIKbhNwKUfm3tQywQ=="],

    "cli-truncate/slice-ansi": ["slice-ansi@7.1.2", "", { "dependencies": { "ansi-styles": "^6.2.1", "is-fullwidth-code-point": "^5.0.0" } }, "sha512-iOBWFgUX7caIZiuutICxVgX1SdxwAVFFKwt1EvMYYec/NWO5meOJ6K5uQxhrYBdQJne4KxiqZc+KptFOWFSI9w=="],

    "ink/ws": ["ws@8.19.0", "", { "peerDependencies": { "bufferutil": "^4.0.1", "utf-8-validate": ">=5.0.2" }, "optionalPeers": ["bufferutil", "utf-8-validate"] }, "sha512-blAT2mjOEIi0ZzruJfIhb3nps74PRWTCz1IjglWEEpQl5XS/UNama6u2/rjFkDDouqr4L67ry+1aGIALViWjDg=="],

    "ink-text-input/type-fest": ["type-fest@4.41.0", "", {}, "sha512-TeTSQ6H5YHvpqVwBRcnLDCBnDOHWYu7IvGbHT6N8AOymcr9PJGjc1GTtiWZTYg0NCgYwvnYWEkVChQAr9bjfwA=="],

    "wrap-ansi/string-width": ["string-width@7.2.0", "", { "dependencies": { "emoji-regex": "^10.3.0", "get-east-asian-width": "^1.0.0", "strip-ansi": "^7.1.0" } }, "sha512-tsaTIkKW9b4N+AEj+SVA+WhJzV7/zMhcSu78mLKWSk7cXMOSHsBKFWUs0fWwq8QyK3MgJBQRX6Gbi4kYbdvGkQ=="],
  }
}
